<?xml version="1.0" encoding="UTF-8" standalone="yes" ?>
<CodeBlocks_project_file>
	<FileVersion major="1" minor="6" />
	<Project>
		<Option title="DiffProblem" />
		<Option pch_mode="2" />
		<Option compiler="gcc" />
		<Build>
			<Target title="Debug">
				<Option output="bin/Debug/DiffProblem" prefix_auto="1" extension_auto="1" />
				<Option object_output="obj/Debug/" />
				<Option type="3" />
				<Option compiler="gcc" />
				<Option createDefFile="1" />
				<Option createStaticLib="1" />
				<Compiler>
					<Add option="-Wall" />
					<Add option="-DBUILD_DLL" />
					<Add option="-g" />
				</Compiler>
				<Linker>
					<Add library="user32" />
				</Linker>
			</Target>
			<Target title="Release">
				<Option output="bin/Release/DiffProblem" prefix_auto="1" extension_auto="1" />
				<Option object_output="obj/Release/" />
				<Option type="3" />
				<Option compiler="gcc" />
				<Option createDefFile="1" />
				<Option createStaticLib="1" />
				<Compiler>
					<Add option="-Wall" />
					<Add option="-DBUILD_DLL" />
					<Add option="-O2" />
				</Compiler>
				<Linker>
					<Add option="-s" />
					<Add library="user32" />
				</Linker>
			</Target>
		</Build>
		<Compiler>
			<Add option="-DBUILD_INTERFACES" />
			<Add directory="include" />
			<Add directory="src" />
		</Compiler>
		<Linker>
			<Add library="libs/libCompact.a" />
			<Add library="libs/libSet.a" />
			<Add library="libs/libVector.a" />
		</Linker>
		<Unit filename="include/IBroker.h" />
		<Unit filename="include/ICompact.h" />
		<Unit filename="include/IDiffProblem.h" />
		<Unit filename="include/ILogger.h" />
		<Unit filename="include/IMultiIndex.h" />
		<Unit filename="include/IProblem.h" />
		<Unit filename="include/IVector.h" />
		<Unit filename="include/RC.h" />
		<Unit filename="src/BrokerImpl.cpp" />
		<Unit filename="src/DiffProblemImpl.cpp" />
		<Unit filename="src/Interfacedllexport.h" />
		<Unit filename="src/ProblemImpl.cpp" />
		<Extensions>
			<lib_finder disable_auto="1" />
		</Extensions>
	</Project>
</CodeBlocks_project_file>
